<Solution>
  <Project Path="AstarPathfindingProject.csproj" />
  <Project Path="Assembly-CSharp.csproj" />
  <Project Path="PackageToolsEditor.csproj" />
  <Project Path="Assembly-CSharp-Editor.csproj" />
  <Project Path="Assembly-CSharp-firstpass.csproj" />
  <Project Path="AstarPathfindingProjectEditor.csproj" />
<<<<<<< Updated upstream
=======
  <Project Path="Unity.Settings.Editor.csproj" />
  <Project Path="Unity.InputSystem.TestFramework.csproj" />
  <Project Path="Unity.ShaderGraph.Utilities.csproj" />
  <Project Path="Unity.AI.Toolkit.Async.csproj" />
  <Project Path="Unity.VisualScripting.Shared.Editor.csproj" />
  <Project Path="Unity.AppUI.Redux.Editor.csproj" />
  <Project Path="Unity.AI.Toolkit.Compliance.csproj" />
  <Project Path="Unity.2D.Enhancers.Editor.AIBridge.csproj" />
  <Project Path="Unity.AppUI.Undo.csproj" />
  <Project Path="Unity.AI.Generators.Contexts.csproj" />
  <Project Path="Unity.RenderPipeline.Universal.ShaderLibrary.csproj" />
  <Project Path="Unity.AI.Toolkit.Utility.csproj" />
  <Project Path="Unity.Animation.Rigging.DocCodeExamples.csproj" />
  <Project Path="Unity.AI.Pbr.Srp.csproj" />
  <Project Path="Unity.AI.Animate.Motion.Runtime.csproj" />
  <Project Path="Unity.InputSystem.DocCodeSamples.csproj" />
  <Project Path="Unity.RenderPipelines.Universal.Shaders.csproj" />
  <Project Path="Unity.RenderPipelines.Core.Runtime.Shared.csproj" />
  <Project Path="Unity.InternalAPIEngineBridge.004.csproj" />
  <Project Path="Unity.InferenceEngine.MacBLAS.csproj" />
  <Project Path="Unity.AppUI.InternalAPIBridge.csproj" />
  <Project Path="Unity.AI.Toolkit.GenerationObjectPicker.csproj" />
  <Project Path="Unity.RenderPipelines.Core.Editor.Shared.csproj" />
  <Project Path="Unified.Universal.Blur.Editor.csproj" />
  <Project Path="Unity.InferenceEngine.ONNX.Editor.csproj" />
  <Project Path="glTFast.dots.csproj" />
  <Project Path="Unity.VisualScripting.DocCodeExamples.csproj" />
  <Project Path="Unity.InferenceEngine.iOSBLAS.csproj" />
  <Project Path="Unity.Rendering.LightTransport.Editor.csproj" />
  <Project Path="Unity.Collections.Editor.csproj" />
  <Project Path="Unity.RenderPipelines.Universal.Config.Runtime.csproj" />
  <Project Path="Unity.RenderPipelines.ShaderGraph.ShaderGraphLibrary.csproj" />
  <Project Path="Unity.RenderPipelines.Core.ShaderLibrary.csproj" />
>>>>>>> Stashed changes
</Solution>
